
Microsoft Visual Studio Solution File, Format Version 12.00
# Visual Studio Version 17
VisualStudioVersion = 17.3.32611.2
MinimumVisualStudioVersion = 10.0.40219.1
Project("{F2A71F9B-5D33-465A-A702-920D77279786}") = "printf", "printf\printf.fsproj", "{EEF113AA-A741-4D1D-9C8D-D5663D1850CA}"
EndProject
Project("{F2A71F9B-5D33-465A-A702-920D77279786}") = "helloworld", "helloworld\helloworld.fsproj", "{8C2BF5AA-7A96-42DE-A66E-AAF545F5D48E}"
EndProject
Global
	GlobalSection(SolutionConfigurationPlatforms) = preSolution
		Debug|Any CPU = Debug|Any CPU
		Release|Any CPU = Release|Any CPU
	EndGlobalSection
	GlobalSection(ProjectConfigurationPlatforms) = postSolution
		{EEF113AA-A741-4D1D-9C8D-D5663D1850CA}.Debug|Any CPU.ActiveCfg = Debug|Any CPU
		{EEF113AA-A741-4D1D-9C8D-D5663D1850CA}.Debug|Any CPU.Build.0 = Debug|Any CPU
		{EEF113AA-A741-4D1D-9C8D-D5663D1850CA}.Release|Any CPU.ActiveCfg = Release|Any CPU
		{EEF113AA-A741-4D1D-9C8D-D5663D1850CA}.Release|Any CPU.Build.0 = Release|Any CPU
		{8C2BF5AA-7A96-42DE-A66E-AAF545F5D48E}.Debug|Any CPU.ActiveCfg = Debug|Any CPU
		{8C2BF5AA-7A96-42DE-A66E-AAF545F5D48E}.Debug|Any CPU.Build.0 = Debug|Any CPU
		{8C2BF5AA-7A96-42DE-A66E-AAF545F5D48E}.Release|Any CPU.ActiveCfg = Release|Any CPU
		{8C2BF5AA-7A96-42DE-A66E-AAF545F5D48E}.Release|Any CPU.Build.0 = Release|Any CPU
	EndGlobalSection
	GlobalSection(SolutionProperties) = preSolution
		HideSolutionNode = FALSE
	EndGlobalSection
	GlobalSection(ExtensibilityGlobals) = postSolution
		SolutionGuid = {274A0122-5A2C-4E21-B06D-55D6162702C5}
	EndGlobalSection
EndGlobal
